// !$*UTF8*$!
{
	archiveVersion = 1;
	classes = {
	};
	objectVersion = 46;
	objects = {

/* Begin PBXBuildFile section */
		52D3505C1FEEF12A00177E88 /* injector.cpp in Sources */ = {isa = PBXBuildFile; fileRef = 52D3505B1FEEF12A00177E88 /* injector.cpp */; };
		52D350691FEF564700177E88 /* rd_route.c in Sources */ = {isa = PBXBuildFile; fileRef = 52D350671FEF564700177E88 /* rd_route.c */; };
		52D3506A1FEF564700177E88 /* rd_route.h in Headers */ = {isa = PBXBuildFile; fileRef = 52D350681FEF564700177E88 /* rd_route.h */; };
		52D3506C1FEF5EF300177E88 /* incompat_msg.mm in Sources */ = {isa = PBXBuildFile; fileRef = 52D3506B1FEF5EF300177E88 /* incompat_msg.mm */; };
		52D3506F1FEF68AC00177E88 /* Cocoa.framework in Frameworks */ = {isa = PBXBuildFile; fileRef = 52D3506E1FEF68AB00177E88 /* Cocoa.framework */; };
		52D350741FEFA2BD00177E88 /* README.md in Sources */ = {isa = PBXBuildFile; fileRef = 52D350731FEFA2BD00177E88 /* README.md */; };
/* End PBXBuildFile section */

/* Begin PBXFileReference section */
		52D350541FEEF12A00177E88 /* libinjector.dylib */ = {isa = PBXFileReference; explicitFileType = "compiled.mach-o.dylib"; includeInIndex = 0; path = libinjector.dylib; sourceTree = BUILT_PRODUCTS_DIR; };
		52D3505B1FEEF12A00177E88 /* injector.cpp */ = {isa = PBXFileReference; lastKnownFileType = sourcecode.cpp.cpp; path = injector.cpp; sourceTree = "<group>"; };
		52D350631FEEF39700177E88 /* cIGZCOMLibrary.h */ = {isa = PBXFileReference; lastKnownFileType = sourcecode.c.h; path = cIGZCOMLibrary.h; sourceTree = "<group>"; };
		52D350641FEEF3F700177E88 /* cIGZCOMDirector.h */ = {isa = PBXFileReference; lastKnownFileType = sourcecode.c.h; path = cIGZCOMDirector.h; sourceTree = "<group>"; };
		52D350651FEEF42800177E88 /* cIGZUnknown.h */ = {isa = PBXFileReference; lastKnownFileType = sourcecode.c.h; path = cIGZUnknown.h; sourceTree = "<group>"; };
		52D350661FEEF46700177E88 /* cGZCOMLibrary.h */ = {isa = PBXFileReference; lastKnownFileType = sourcecode.c.h; path = cGZCOMLibrary.h; sourceTree = "<group>"; };
		52D350671FEF564700177E88 /* rd_route.c */ = {isa = PBXFileReference; fileEncoding = 4; lastKnownFileType = sourcecode.c.c; path = rd_route.c; sourceTree = "<group>"; };
		52D350681FEF564700177E88 /* rd_route.h */ = {isa = PBXFileReference; fileEncoding = 4; lastKnownFileType = sourcecode.c.h; path = rd_route.h; sourceTree = "<group>"; };
		52D3506B1FEF5EF300177E88 /* incompat_msg.mm */ = {isa = PBXFileReference; fileEncoding = 4; lastKnownFileType = sourcecode.cpp.objcpp; path = incompat_msg.mm; sourceTree = "<group>"; };
		52D3506D1FEF628200177E88 /* incompat_msg.h */ = {isa = PBXFileReference; lastKnownFileType = sourcecode.c.h; path = incompat_msg.h; sourceTree = "<group>"; };
		52D3506E1FEF68AB00177E88 /* Cocoa.framework */ = {isa = PBXFileReference; lastKnownFileType = wrapper.framework; name = Cocoa.framework; path = System/Library/Frameworks/Cocoa.framework; sourceTree = SDKROOT; };
		52D350701FEF947C00177E88 /* cRZString.h */ = {isa = PBXFileReference; lastKnownFileType = sourcecode.c.h; path = cRZString.h; sourceTree = "<group>"; };
		52D350711FEF95FD00177E88 /* cIGZString.h */ = {isa = PBXFileReference; lastKnownFileType = sourcecode.c.h; path = cIGZString.h; sourceTree = "<group>"; };
		52D350721FEFA29E00177E88 /* LICENSE */ = {isa = PBXFileReference; fileEncoding = 4; lastKnownFileType = text; path = LICENSE; sourceTree = "<group>"; };
		52D350731FEFA2BD00177E88 /* README.md */ = {isa = PBXFileReference; fileEncoding = 4; lastKnownFileType = net.daringfireball.markdown; path = README.md; sourceTree = "<group>"; };
/* End PBXFileReference section */

/* Begin PBXFrameworksBuildPhase section */
		52D350511FEEF12A00177E88 /* Frameworks */ = {
			isa = PBXFrameworksBuildPhase;
			buildActionMask = 2147483647;
			files = (
				52D3506F1FEF68AC00177E88 /* Cocoa.framework in Frameworks */,
			);
			runOnlyForDeploymentPostprocessing = 0;
		};
/* End PBXFrameworksBuildPhase section */

/* Begin PBXGroup section */
		52D3504B1FEEF12A00177E88 = {
			isa = PBXGroup;
			children = (
				52D350731FEFA2BD00177E88 /* README.md */,
				52D350721FEFA29E00177E88 /* LICENSE */,
				52D3506E1FEF68AB00177E88 /* Cocoa.framework */,
				52D350561FEEF12A00177E88 /* injector */,
				52D350551FEEF12A00177E88 /* Products */,
			);
			sourceTree = "<group>";
		};
		52D350551FEEF12A00177E88 /* Products */ = {
			isa = PBXGroup;
			children = (
				52D350541FEEF12A00177E88 /* libinjector.dylib */,
			);
			name = Products;
			sourceTree = "<group>";
		};
		52D350561FEEF12A00177E88 /* injector */ = {
			isa = PBXGroup;
			children = (
				52D3505B1FEEF12A00177E88 /* injector.cpp */,
				52D350631FEEF39700177E88 /* cIGZCOMLibrary.h */,
				52D350641FEEF3F700177E88 /* cIGZCOMDirector.h */,
				52D350711FEF95FD00177E88 /* cIGZString.h */,
				52D350651FEEF42800177E88 /* cIGZUnknown.h */,
				52D350661FEEF46700177E88 /* cGZCOMLibrary.h */,
				52D350701FEF947C00177E88 /* cRZString.h */,
				52D3506B1FEF5EF300177E88 /* incompat_msg.mm */,
				52D3506D1FEF628200177E88 /* incompat_msg.h */,
				52D350671FEF564700177E88 /* rd_route.c */,
				52D350681FEF564700177E88 /* rd_route.h */,
			);
			path = injector;
			sourceTree = "<group>";
		};
/* End PBXGroup section */

/* Begin PBXHeadersBuildPhase section */
		52D350521FEEF12A00177E88 /* Headers */ = {
			isa = PBXHeadersBuildPhase;
			buildActionMask = 2147483647;
			files = (
				52D3506A1FEF564700177E88 /* rd_route.h in Headers */,
			);
			runOnlyForDeploymentPostprocessing = 0;
		};
/* End PBXHeadersBuildPhase section */

/* Begin PBXNativeTarget section */
		52D350531FEEF12A00177E88 /* injector */ = {
			isa = PBXNativeTarget;
			buildConfigurationList = 52D3505F1FEEF12A00177E88 /* Build configuration list for PBXNativeTarget "injector" */;
			buildPhases = (
				52D350501FEEF12A00177E88 /* Sources */,
				52D350511FEEF12A00177E88 /* Frameworks */,
				52D350521FEEF12A00177E88 /* Headers */,
			);
			buildRules = (
			);
			dependencies = (
			);
			name = injector;
			productName = injector;
			productReference = 52D350541FEEF12A00177E88 /* libinjector.dylib */;
			productType = "com.apple.product-type.library.dynamic";
		};
/* End PBXNativeTarget section */

/* Begin PBXProject section */
		52D3504C1FEEF12A00177E88 /* Project object */ = {
			isa = PBXProject;
			attributes = {
				LastUpgradeCheck = 0730;
				ORGANIZATIONNAME = "Nelson Gomez";
				TargetAttributes = {
					52D350531FEEF12A00177E88 = {
						CreatedOnToolsVersion = 7.3.1;
					};
				};
			};
			buildConfigurationList = 52D3504F1FEEF12A00177E88 /* Build configuration list for PBXProject "injector" */;
			compatibilityVersion = "Xcode 3.2";
			developmentRegion = English;
			hasScannedForEncodings = 0;
			knownRegions = (
				en,
			);
			mainGroup = 52D3504B1FEEF12A00177E88;
			productRefGroup = 52D350551FEEF12A00177E88 /* Products */;
			projectDirPath = "";
			projectRoot = "";
			targets = (
				52D350531FEEF12A00177E88 /* injector */,
			);
		};
/* End PBXProject section */

/* Begin PBXSourcesBuildPhase section */
		52D350501FEEF12A00177E88 /* Sources */ = {
			isa = PBXSourcesBuildPhase;
			buildActionMask = 2147483647;
			files = (
				52D3505C1FEEF12A00177E88 /* injector.cpp in Sources */,
				52D350691FEF564700177E88 /* rd_route.c in Sources */,
				52D350741FEFA2BD00177E88 /* README.md in Sources */,
				52D3506C1FEF5EF300177E88 /* incompat_msg.mm in Sources */,
			);
			runOnlyForDeploymentPostprocessing = 0;
		};
/* End PBXSourcesBuildPhase section */

/* Begin XCBuildConfiguration section */
		52D3505D1FEEF12A00177E88 /* Debug */ = {
			isa = XCBuildConfiguration;
			buildSettings = {
				ALWAYS_SEARCH_USER_PATHS = NO;
				CLANG_ANALYZER_NONNULL = YES;
				CLANG_CXX_LANGUAGE_STANDARD = "gnu++0x";
				CLANG_CXX_LIBRARY = "libc++";
				CLANG_ENABLE_MODULES = YES;
				CLANG_ENABLE_OBJC_ARC = YES;
				CLANG_WARN_BOOL_CONVERSION = YES;
				CLANG_WARN_CONSTANT_CONVERSION = YES;
				CLANG_WARN_DIRECT_OBJC_ISA_USAGE = YES_ERROR;
				CLANG_WARN_EMPTY_BODY = YES;
				CLANG_WARN_ENUM_CONVERSION = YES;
				CLANG_WARN_INT_CONVERSION = YES;
				CLANG_WARN_OBJC_ROOT_CLASS = YES_ERROR;
				CLANG_WARN_UNREACHABLE_CODE = YES;
				CLANG_WARN__DUPLICATE_METHOD_MATCH = YES;
				CODE_SIGN_IDENTITY = "-";
				COPY_PHASE_STRIP = NO;
				DEBUG_INFORMATION_FORMAT = dwarf;
				ENABLE_STRICT_OBJC_MSGSEND = YES;
				ENABLE_TESTABILITY = YES;
				GCC_C_LANGUAGE_STANDARD = gnu99;
				GCC_DYNAMIC_NO_PIC = NO;
				GCC_NO_COMMON_BLOCKS = YES;
				GCC_OPTIMIZATION_LEVEL = 0;
				GCC_PREPROCESSOR_DEFINITIONS = (
					"DEBUG=1",
					"$(inherited)",
				);
				GCC_WARN_64_TO_32_BIT_CONVERSION = YES;
				GCC_WARN_ABOUT_RETURN_TYPE = YES_ERROR;
				GCC_WARN_UNDECLARED_SELECTOR = YES;
				GCC_WARN_UNINITIALIZED_AUTOS = YES_AGGRESSIVE;
				GCC_WARN_UNUSED_FUNCTION = YES;
				GCC_WARN_UNUSED_VARIABLE = YES;
				MACOSX_DEPLOYMENT_TARGET = 10.11;
				MTL_ENABLE_DEBUG_INFO = YES;
				ONLY_ACTIVE_ARCH = YES;
				SDKROOT = macosx;
			};
			name = Debug;
		};
		52D3505E1FEEF12A00177E88 /* Release */ = {
			isa = XCBuildConfiguration;
			buildSettings = {
				ALWAYS_SEARCH_USER_PATHS = NO;
				CLANG_ANALYZER_NONNULL = YES;
				CLANG_CXX_LANGUAGE_STANDARD = "gnu++0x";
				CLANG_CXX_LIBRARY = "libc++";
				CLANG_ENABLE_MODULES = YES;
				CLANG_ENABLE_OBJC_ARC = YES;
				CLANG_WARN_BOOL_CONVERSION = YES;
				CLANG_WARN_CONSTANT_CONVERSION = YES;
				CLANG_WARN_DIRECT_OBJC_ISA_USAGE = YES_ERROR;
				CLANG_WARN_EMPTY_BODY = YES;
				CLANG_WARN_ENUM_CONVERSION = YES;
				CLANG_WARN_INT_CONVERSION = YES;
				CLANG_WARN_OBJC_ROOT_CLASS = YES_ERROR;
				CLANG_WARN_UNREACHABLE_CODE = YES;
				CLANG_WARN__DUPLICATE_METHOD_MATCH = YES;
				CODE_SIGN_IDENTITY = "-";
				COPY_PHASE_STRIP = NO;
				DEBUG_INFORMATION_FORMAT = "dwarf-with-dsym";
				ENABLE_NS_ASSERTIONS = NO;
				ENABLE_STRICT_OBJC_MSGSEND = YES;
				GCC_C_LANGUAGE_STANDARD = gnu99;
				GCC_NO_COMMON_BLOCKS = YES;
				GCC_WARN_64_TO_32_BIT_CONVERSION = YES;
				GCC_WARN_ABOUT_RETURN_TYPE = YES_ERROR;
				GCC_WARN_UNDECLARED_SELECTOR = YES;
				GCC_WARN_UNINITIALIZED_AUTOS = YES_AGGRESSIVE;
				GCC_WARN_UNUSED_FUNCTION = YES;
				GCC_WARN_UNUSED_VARIABLE = YES;
				MACOSX_DEPLOYMENT_TARGET = 10.11;
				MTL_ENABLE_DEBUG_INFO = NO;
				SDKROOT = macosx;
			};
			name = Release;
		};
		52D350601FEEF12A00177E88 /* Debug */ = {
			isa = XCBuildConfiguration;
			buildSettings = {
				ARCHS = "$(ARCHS_STANDARD_32_64_BIT)";
				DYLIB_COMPATIBILITY_VERSION = 1;
				DYLIB_CURRENT_VERSION = 1;
				EXECUTABLE_PREFIX = lib;
				GCC_ENABLE_CPP_EXCEPTIONS = YES;
				GCC_ENABLE_CPP_RTTI = YES;
				GCC_SYMBOLS_PRIVATE_EXTERN = YES;
				MACOSX_DEPLOYMENT_TARGET = 10.8;
				ONLY_ACTIVE_ARCH = NO;
				PRODUCT_NAME = "$(TARGET_NAME)";
			};
			name = Debug;
		};
		52D350611FEEF12A00177E88 /* Release */ = {
			isa = XCBuildConfiguration;
			buildSettings = {
				ARCHS = "$(ARCHS_STANDARD_32_64_BIT)";
				DYLIB_COMPATIBILITY_VERSION = 1;
				DYLIB_CURRENT_VERSION = 1;
				EXECUTABLE_PREFIX = lib;
				GCC_ENABLE_CPP_EXCEPTIONS = YES;
				GCC_ENABLE_CPP_RTTI = YES;
				GCC_SYMBOLS_PRIVATE_EXTERN = YES;
				MACOSX_DEPLOYMENT_TARGET = 10.8;
				PRODUCT_NAME = "$(TARGET_NAME)";
			};
			name = Release;
		};
/* End XCBuildConfiguration section */

/* Begin XCConfigurationList section */
		52D3504F1FEEF12A00177E88 /* Build configuration list for PBXProject "injector" */ = {
			isa = XCConfigurationList;
			buildConfigurations = (
				52D3505D1FEEF12A00177E88 /* Debug */,
				52D3505E1FEEF12A00177E88 /* Release */,
			);
			defaultConfigurationIsVisible = 0;
			defaultConfigurationName = Release;
		};
		52D3505F1FEEF12A00177E88 /* Build configuration list for PBXNativeTarget "injector" */ = {
			isa = XCConfigurationList;
			buildConfigurations = (
				52D350601FEEF12A00177E88 /* Debug */,
				52D350611FEEF12A00177E88 /* Release */,
			);
			defaultConfigurationIsVisible = 0;
		};
/* End XCConfigurationList section */
	};
	rootObject = 52D3504C1FEEF12A00177E88 /* Project object */;
}
